
Microsoft Visual Studio Solution File, Format Version 12.00
# Visual Studio Version 17
VisualStudioVersion = 17.7.34009.444
MinimumVisualStudioVersion = 10.0.40219.1
Project("{FAE04EC0-301F-11D3-BF4B-00C04F79EFBC}") = "Tumakov13", "tumakov13\Tumakov13.csproj", "{AEFCD781-A6E5-4CA1-87C4-915C244DE848}"
EndProject
Global
	GlobalSection(SolutionConfigurationPlatforms) = preSolution
		Debug|Any CPU = Debug|Any CPU
		Release|Any CPU = Release|Any CPU
	EndGlobalSection
	GlobalSection(ProjectConfigurationPlatforms) = postSolution
		{AEFCD781-A6E5-4CA1-87C4-915C244DE848}.Debug|Any CPU.ActiveCfg = Debug|Any CPU
		{AEFCD781-A6E5-4CA1-87C4-915C244DE848}.Debug|Any CPU.Build.0 = Debug|Any CPU
		{AEFCD781-A6E5-4CA1-87C4-915C244DE848}.Release|Any CPU.ActiveCfg = Release|Any CPU
		{AEFCD781-A6E5-4CA1-87C4-915C244DE848}.Release|Any CPU.Build.0 = Release|Any CPU
	EndGlobalSection
	GlobalSection(SolutionProperties) = preSolution
		HideSolutionNode = FALSE
	EndGlobalSection
	GlobalSection(ExtensibilityGlobals) = postSolution
		SolutionGuid = {F9662235-2A94-4206-9F3E-7B61CD32C9C4}
	EndGlobalSection
EndGlobal
