
Microsoft Visual Studio Solution File, Format Version 12.00
# Visual Studio Version 17
VisualStudioVersion = 17.7.34009.444
MinimumVisualStudioVersion = 10.0.40219.1
Project("{FAE04EC0-301F-11D3-BF4B-00C04F79EFBC}") = "Homework", "Homework 19.10.2023\Homework.csproj", "{BC751B2D-05B0-4F21-9ED6-49258421A69D}"
EndProject
Project("{FAE04EC0-301F-11D3-BF4B-00C04F79EFBC}") = "Task", "Task\Task.csproj", "{5FCF54C7-3744-4629-A171-E04EB35E2454}"
EndProject
Global
	GlobalSection(SolutionConfigurationPlatforms) = preSolution
		Debug|Any CPU = Debug|Any CPU
		Release|Any CPU = Release|Any CPU
	EndGlobalSection
	GlobalSection(ProjectConfigurationPlatforms) = postSolution
		{BC751B2D-05B0-4F21-9ED6-49258421A69D}.Debug|Any CPU.ActiveCfg = Debug|Any CPU
		{BC751B2D-05B0-4F21-9ED6-49258421A69D}.Debug|Any CPU.Build.0 = Debug|Any CPU
		{BC751B2D-05B0-4F21-9ED6-49258421A69D}.Release|Any CPU.ActiveCfg = Release|Any CPU
		{BC751B2D-05B0-4F21-9ED6-49258421A69D}.Release|Any CPU.Build.0 = Release|Any CPU
		{5FCF54C7-3744-4629-A171-E04EB35E2454}.Debug|Any CPU.ActiveCfg = Debug|Any CPU
		{5FCF54C7-3744-4629-A171-E04EB35E2454}.Debug|Any CPU.Build.0 = Debug|Any CPU
		{5FCF54C7-3744-4629-A171-E04EB35E2454}.Release|Any CPU.ActiveCfg = Release|Any CPU
		{5FCF54C7-3744-4629-A171-E04EB35E2454}.Release|Any CPU.Build.0 = Release|Any CPU
	EndGlobalSection
	GlobalSection(SolutionProperties) = preSolution
		HideSolutionNode = FALSE
	EndGlobalSection
	GlobalSection(ExtensibilityGlobals) = postSolution
		SolutionGuid = {27986FD6-6495-47D8-B7CE-0BFB261BC48B}
	EndGlobalSection
EndGlobal
